// !$*UTF8*$!
{
	archiveVersion = 1;
	classes = {
	};
	objectVersion = 55;
	objects = {

/* Begin PBXBuildFile section */
		0974BBF019053470B6B89499 /* Pods_PlanShare_iOS.framework in Frameworks */ = {isa = PBXBuildFile; fileRef = 9247365B1621C537ECB0FF72 /* Pods_PlanShare_iOS.framework */; };
		780796B727C27C6F00C0BF12 /* AppDelegate.swift in Sources */ = {isa = PBXBuildFile; fileRef = 780796B627C27C6F00C0BF12 /* AppDelegate.swift */; };
		780796B927C27C6F00C0BF12 /* SceneDelegate.swift in Sources */ = {isa = PBXBuildFile; fileRef = 780796B827C27C6F00C0BF12 /* SceneDelegate.swift */; };
		780796BB27C27C6F00C0BF12 /* CalendarViewController.swift in Sources */ = {isa = PBXBuildFile; fileRef = 780796BA27C27C6F00C0BF12 /* CalendarViewController.swift */; };
		780796C027C27C7200C0BF12 /* Assets.xcassets in Resources */ = {isa = PBXBuildFile; fileRef = 780796BF27C27C7200C0BF12 /* Assets.xcassets */; };
		780796C327C27C7200C0BF12 /* LaunchScreen.storyboard in Resources */ = {isa = PBXBuildFile; fileRef = 780796C127C27C7200C0BF12 /* LaunchScreen.storyboard */; };
		780796CB27C27EE500C0BF12 /* FollowingCell.swift in Sources */ = {isa = PBXBuildFile; fileRef = 780796CA27C27EE500C0BF12 /* FollowingCell.swift */; };
		780796CD27C37FA500C0BF12 /* CalendarView.swift in Sources */ = {isa = PBXBuildFile; fileRef = 780796CC27C37FA500C0BF12 /* CalendarView.swift */; };
		780796D127C3839000C0BF12 /* CategoryHeader.swift in Sources */ = {isa = PBXBuildFile; fileRef = 780796D027C3839000C0BF12 /* CategoryHeader.swift */; };
		780796D327C3861000C0BF12 /* ScheduleCell.swift in Sources */ = {isa = PBXBuildFile; fileRef = 780796D227C3861000C0BF12 /* ScheduleCell.swift */; };
		7822317A27CA8C7200FB5826 /* LoginController.swift in Sources */ = {isa = PBXBuildFile; fileRef = 7822317927CA8C7100FB5826 /* LoginController.swift */; };
		7822318327CE16E700FB5826 /* AuthService.swift in Sources */ = {isa = PBXBuildFile; fileRef = 7822318227CE16E700FB5826 /* AuthService.swift */; };
		7822318F27D1CE1A00FB5826 /* Schedule.swift in Sources */ = {isa = PBXBuildFile; fileRef = 7822318E27D1CE1A00FB5826 /* Schedule.swift */; };
		7822319127D1CE2E00FB5826 /* Category.swift in Sources */ = {isa = PBXBuildFile; fileRef = 7822319027D1CE2E00FB5826 /* Category.swift */; };
		7822319427D1D83800FB5826 /* Member.swift in Sources */ = {isa = PBXBuildFile; fileRef = 7822319327D1D83800FB5826 /* Member.swift */; };
		7897BBD627C526C2003CE1F2 /* CreateCategoryController.swift in Sources */ = {isa = PBXBuildFile; fileRef = 7897BBD527C526C2003CE1F2 /* CreateCategoryController.swift */; };
		7897BBD827C5407A003CE1F2 /* CreateScheduleController.swift in Sources */ = {isa = PBXBuildFile; fileRef = 7897BBD727C5407A003CE1F2 /* CreateScheduleController.swift */; };
		7897BBDA27C5F6B0003CE1F2 /* Extensions.swift in Sources */ = {isa = PBXBuildFile; fileRef = 7897BBD927C5F6AF003CE1F2 /* Extensions.swift */; };
		E40474DA27EEDD090041547D /* ScheduleViewModel.swift in Sources */ = {isa = PBXBuildFile; fileRef = E40474D927EEDD090041547D /* ScheduleViewModel.swift */; };
		E40474DC27EEEA490041547D /* DetailCell.swift in Sources */ = {isa = PBXBuildFile; fileRef = E40474DB27EEEA490041547D /* DetailCell.swift */; };
		E428A0D728142DCB00CABBB7 /* ScheduleService.swift in Sources */ = {isa = PBXBuildFile; fileRef = E428A0D628142DCB00CABBB7 /* ScheduleService.swift */; };
		E42DEAC328195FA400DF9F77 /* GoalViewCell.swift in Sources */ = {isa = PBXBuildFile; fileRef = E42DEAC228195FA400DF9F77 /* GoalViewCell.swift */; };
		E43C072228181EF80059D4F1 /* MainTapViewController.swift in Sources */ = {isa = PBXBuildFile; fileRef = E43C072128181EF80059D4F1 /* MainTapViewController.swift */; };
		E456B02927E38D74009CC2AC /* SearchController.swift in Sources */ = {isa = PBXBuildFile; fileRef = E456B02827E38D74009CC2AC /* SearchController.swift */; };
		E456B02B27E4CED8009CC2AC /* MainSection.swift in Sources */ = {isa = PBXBuildFile; fileRef = E456B02A27E4CED8009CC2AC /* MainSection.swift */; };
		E456B04227E718C7009CC2AC /* CreateViewModel.swift in Sources */ = {isa = PBXBuildFile; fileRef = E456B04127E718C7009CC2AC /* CreateViewModel.swift */; };
		E456B04527E77185009CC2AC /* IconCell.swift in Sources */ = {isa = PBXBuildFile; fileRef = E456B04427E77185009CC2AC /* IconCell.swift */; };
		E470A75127F1BE2A001D2F5A /* FollowController.swift in Sources */ = {isa = PBXBuildFile; fileRef = E470A75027F1BE2A001D2F5A /* FollowController.swift */; };
		E470A75327F1BF61001D2F5A /* FollowFilterView.swift in Sources */ = {isa = PBXBuildFile; fileRef = E470A75227F1BF61001D2F5A /* FollowFilterView.swift */; };
		E470A75527F1BFD3001D2F5A /* FollowFilterCell.swift in Sources */ = {isa = PBXBuildFile; fileRef = E470A75427F1BFD3001D2F5A /* FollowFilterCell.swift */; };
		E470A75727F1DC7A001D2F5A /* FollowerMemberCell.swift in Sources */ = {isa = PBXBuildFile; fileRef = E470A75627F1DC7A001D2F5A /* FollowerMemberCell.swift */; };
		E470A75927F1DD86001D2F5A /* FollowViewModel.swift in Sources */ = {isa = PBXBuildFile; fileRef = E470A75827F1DD86001D2F5A /* FollowViewModel.swift */; };
		E470A75C27F1E64F001D2F5A /* FollowSection.swift in Sources */ = {isa = PBXBuildFile; fileRef = E470A75B27F1E64F001D2F5A /* FollowSection.swift */; };
		E470A75E27F31D70001D2F5A /* CustomSearchBar.swift in Sources */ = {isa = PBXBuildFile; fileRef = E470A75D27F31D70001D2F5A /* CustomSearchBar.swift */; };
		E470A76027F32E91001D2F5A /* SearchViewModel.swift in Sources */ = {isa = PBXBuildFile; fileRef = E470A75F27F32E91001D2F5A /* SearchViewModel.swift */; };
		E470A76527F33896001D2F5A /* SearchUserCell.swift in Sources */ = {isa = PBXBuildFile; fileRef = E470A76427F33896001D2F5A /* SearchUserCell.swift */; };
		E470A76727F3406B001D2F5A /* FollowingMemberCell.swift in Sources */ = {isa = PBXBuildFile; fileRef = E470A76627F3406B001D2F5A /* FollowingMemberCell.swift */; };
		E470A76927F34138001D2F5A /* FollowStateView.swift in Sources */ = {isa = PBXBuildFile; fileRef = E470A76827F34138001D2F5A /* FollowStateView.swift */; };
		E484EDB627DB4D6D00513BA7 /* RegisterController.swift in Sources */ = {isa = PBXBuildFile; fileRef = E484EDB527DB4D6D00513BA7 /* RegisterController.swift */; };
		E484EDB827DB4DDD00513BA7 /* CategoryService.swift in Sources */ = {isa = PBXBuildFile; fileRef = E484EDB727DB4DDD00513BA7 /* CategoryService.swift */; };
		E484EDBB27DDF06E00513BA7 /* MainViewModel.swift in Sources */ = {isa = PBXBuildFile; fileRef = E484EDBA27DDF06E00513BA7 /* MainViewModel.swift */; };
		E484EDBE27DDF0F200513BA7 /* CategoryViewModel.swift in Sources */ = {isa = PBXBuildFile; fileRef = E484EDBD27DDF0F200513BA7 /* CategoryViewModel.swift */; };
		E48B65E427EC94C3002A6410 /* GoalViewController.swift in Sources */ = {isa = PBXBuildFile; fileRef = E48B65E327EC94C3002A6410 /* GoalViewController.swift */; };
		E49C683F27DF79E900B050E3 /* UserService.swift in Sources */ = {isa = PBXBuildFile; fileRef = E49C683E27DF79E900B050E3 /* UserService.swift */; };
		E4ECE8E228178CCA00893069 /* NotoSansKR-Black.otf in Resources */ = {isa = PBXBuildFile; fileRef = E4ECE8DB28178CC900893069 /* NotoSansKR-Black.otf */; };
		E4ECE8E328178CCA00893069 /* NotoSansKR-Regular.otf in Resources */ = {isa = PBXBuildFile; fileRef = E4ECE8DC28178CC900893069 /* NotoSansKR-Regular.otf */; };
		E4ECE8E428178CCA00893069 /* NotoSansKR-Light.otf in Resources */ = {isa = PBXBuildFile; fileRef = E4ECE8DD28178CC900893069 /* NotoSansKR-Light.otf */; };
		E4ECE8E528178CCA00893069 /* NotoSansKR-Bold.otf in Resources */ = {isa = PBXBuildFile; fileRef = E4ECE8DE28178CCA00893069 /* NotoSansKR-Bold.otf */; };
		E4ECE8E628178CCA00893069 /* OFL.txt in Resources */ = {isa = PBXBuildFile; fileRef = E4ECE8DF28178CCA00893069 /* OFL.txt */; };
		E4ECE8E728178CCA00893069 /* NotoSansKR-Thin.otf in Resources */ = {isa = PBXBuildFile; fileRef = E4ECE8E028178CCA00893069 /* NotoSansKR-Thin.otf */; };
		E4ECE8E828178CCA00893069 /* NotoSansKR-Medium.otf in Resources */ = {isa = PBXBuildFile; fileRef = E4ECE8E128178CCA00893069 /* NotoSansKR-Medium.otf */; };
/* End PBXBuildFile section */

/* Begin PBXFileReference section */
		0A25DAC6AF29AE718976B25B /* Pods-PlanShare_iOS.release.xcconfig */ = {isa = PBXFileReference; includeInIndex = 1; lastKnownFileType = text.xcconfig; name = "Pods-PlanShare_iOS.release.xcconfig"; path = "Target Support Files/Pods-PlanShare_iOS/Pods-PlanShare_iOS.release.xcconfig"; sourceTree = "<group>"; };
		780796B327C27C6F00C0BF12 /* PlanShare_iOS.app */ = {isa = PBXFileReference; explicitFileType = wrapper.application; includeInIndex = 0; path = PlanShare_iOS.app; sourceTree = BUILT_PRODUCTS_DIR; };
		780796B627C27C6F00C0BF12 /* AppDelegate.swift */ = {isa = PBXFileReference; lastKnownFileType = sourcecode.swift; path = AppDelegate.swift; sourceTree = "<group>"; };
		780796B827C27C6F00C0BF12 /* SceneDelegate.swift */ = {isa = PBXFileReference; lastKnownFileType = sourcecode.swift; path = SceneDelegate.swift; sourceTree = "<group>"; };
		780796BA27C27C6F00C0BF12 /* CalendarViewController.swift */ = {isa = PBXFileReference; lastKnownFileType = sourcecode.swift; path = CalendarViewController.swift; sourceTree = "<group>"; };
		780796BF27C27C7200C0BF12 /* Assets.xcassets */ = {isa = PBXFileReference; lastKnownFileType = folder.assetcatalog; path = Assets.xcassets; sourceTree = "<group>"; };
		780796C227C27C7200C0BF12 /* Base */ = {isa = PBXFileReference; lastKnownFileType = file.storyboard; name = Base; path = Base.lproj/LaunchScreen.storyboard; sourceTree = "<group>"; };
		780796C427C27C7200C0BF12 /* Info.plist */ = {isa = PBXFileReference; lastKnownFileType = text.plist.xml; path = Info.plist; sourceTree = "<group>"; };
		780796CA27C27EE500C0BF12 /* FollowingCell.swift */ = {isa = PBXFileReference; lastKnownFileType = sourcecode.swift; path = FollowingCell.swift; sourceTree = "<group>"; };
		780796CC27C37FA500C0BF12 /* CalendarView.swift */ = {isa = PBXFileReference; lastKnownFileType = sourcecode.swift; path = CalendarView.swift; sourceTree = "<group>"; };
		780796D027C3839000C0BF12 /* CategoryHeader.swift */ = {isa = PBXFileReference; lastKnownFileType = sourcecode.swift; path = CategoryHeader.swift; sourceTree = "<group>"; };
		780796D227C3861000C0BF12 /* ScheduleCell.swift */ = {isa = PBXFileReference; lastKnownFileType = sourcecode.swift; path = ScheduleCell.swift; sourceTree = "<group>"; };
		7822317927CA8C7100FB5826 /* LoginController.swift */ = {isa = PBXFileReference; lastKnownFileType = sourcecode.swift; path = LoginController.swift; sourceTree = "<group>"; };
		7822318227CE16E700FB5826 /* AuthService.swift */ = {isa = PBXFileReference; lastKnownFileType = sourcecode.swift; path = AuthService.swift; sourceTree = "<group>"; };
		7822318E27D1CE1A00FB5826 /* Schedule.swift */ = {isa = PBXFileReference; lastKnownFileType = sourcecode.swift; path = Schedule.swift; sourceTree = "<group>"; };
		7822319027D1CE2E00FB5826 /* Category.swift */ = {isa = PBXFileReference; lastKnownFileType = sourcecode.swift; path = Category.swift; sourceTree = "<group>"; };
		7822319327D1D83800FB5826 /* Member.swift */ = {isa = PBXFileReference; lastKnownFileType = sourcecode.swift; path = Member.swift; sourceTree = "<group>"; };
		7897BBD527C526C2003CE1F2 /* CreateCategoryController.swift */ = {isa = PBXFileReference; lastKnownFileType = sourcecode.swift; path = CreateCategoryController.swift; sourceTree = "<group>"; };
		7897BBD727C5407A003CE1F2 /* CreateScheduleController.swift */ = {isa = PBXFileReference; lastKnownFileType = sourcecode.swift; path = CreateScheduleController.swift; sourceTree = "<group>"; };
		7897BBD927C5F6AF003CE1F2 /* Extensions.swift */ = {isa = PBXFileReference; lastKnownFileType = sourcecode.swift; path = Extensions.swift; sourceTree = "<group>"; };
		9247365B1621C537ECB0FF72 /* Pods_PlanShare_iOS.framework */ = {isa = PBXFileReference; explicitFileType = wrapper.framework; includeInIndex = 0; path = Pods_PlanShare_iOS.framework; sourceTree = BUILT_PRODUCTS_DIR; };
		E40474D927EEDD090041547D /* ScheduleViewModel.swift */ = {isa = PBXFileReference; lastKnownFileType = sourcecode.swift; path = ScheduleViewModel.swift; sourceTree = "<group>"; };
		E40474DB27EEEA490041547D /* DetailCell.swift */ = {isa = PBXFileReference; lastKnownFileType = sourcecode.swift; path = DetailCell.swift; sourceTree = "<group>"; };
		E428A0D628142DCB00CABBB7 /* ScheduleService.swift */ = {isa = PBXFileReference; lastKnownFileType = sourcecode.swift; path = ScheduleService.swift; sourceTree = "<group>"; };
		E42DEAC228195FA400DF9F77 /* GoalViewCell.swift */ = {isa = PBXFileReference; lastKnownFileType = sourcecode.swift; path = GoalViewCell.swift; sourceTree = "<group>"; };
		E43C072128181EF80059D4F1 /* MainTapViewController.swift */ = {isa = PBXFileReference; lastKnownFileType = sourcecode.swift; path = MainTapViewController.swift; sourceTree = "<group>"; };
		E456B02827E38D74009CC2AC /* SearchController.swift */ = {isa = PBXFileReference; lastKnownFileType = sourcecode.swift; path = SearchController.swift; sourceTree = "<group>"; };
		E456B02A27E4CED8009CC2AC /* MainSection.swift */ = {isa = PBXFileReference; lastKnownFileType = sourcecode.swift; path = MainSection.swift; sourceTree = "<group>"; };
		E456B04127E718C7009CC2AC /* CreateViewModel.swift */ = {isa = PBXFileReference; lastKnownFileType = sourcecode.swift; path = CreateViewModel.swift; sourceTree = "<group>"; };
		E456B04427E77185009CC2AC /* IconCell.swift */ = {isa = PBXFileReference; lastKnownFileType = sourcecode.swift; path = IconCell.swift; sourceTree = "<group>"; };
		E470A75027F1BE2A001D2F5A /* FollowController.swift */ = {isa = PBXFileReference; lastKnownFileType = sourcecode.swift; path = FollowController.swift; sourceTree = "<group>"; };
		E470A75227F1BF61001D2F5A /* FollowFilterView.swift */ = {isa = PBXFileReference; lastKnownFileType = sourcecode.swift; path = FollowFilterView.swift; sourceTree = "<group>"; };
		E470A75427F1BFD3001D2F5A /* FollowFilterCell.swift */ = {isa = PBXFileReference; lastKnownFileType = sourcecode.swift; path = FollowFilterCell.swift; sourceTree = "<group>"; };
		E470A75627F1DC7A001D2F5A /* FollowerMemberCell.swift */ = {isa = PBXFileReference; lastKnownFileType = sourcecode.swift; path = FollowerMemberCell.swift; sourceTree = "<group>"; };
		E470A75827F1DD86001D2F5A /* FollowViewModel.swift */ = {isa = PBXFileReference; lastKnownFileType = sourcecode.swift; path = FollowViewModel.swift; sourceTree = "<group>"; };
		E470A75B27F1E64F001D2F5A /* FollowSection.swift */ = {isa = PBXFileReference; lastKnownFileType = sourcecode.swift; path = FollowSection.swift; sourceTree = "<group>"; };
		E470A75D27F31D70001D2F5A /* CustomSearchBar.swift */ = {isa = PBXFileReference; lastKnownFileType = sourcecode.swift; path = CustomSearchBar.swift; sourceTree = "<group>"; };
		E470A75F27F32E91001D2F5A /* SearchViewModel.swift */ = {isa = PBXFileReference; lastKnownFileType = sourcecode.swift; path = SearchViewModel.swift; sourceTree = "<group>"; };
		E470A76427F33896001D2F5A /* SearchUserCell.swift */ = {isa = PBXFileReference; lastKnownFileType = sourcecode.swift; path = SearchUserCell.swift; sourceTree = "<group>"; };
		E470A76627F3406B001D2F5A /* FollowingMemberCell.swift */ = {isa = PBXFileReference; lastKnownFileType = sourcecode.swift; path = FollowingMemberCell.swift; sourceTree = "<group>"; };
		E470A76827F34138001D2F5A /* FollowStateView.swift */ = {isa = PBXFileReference; lastKnownFileType = sourcecode.swift; path = FollowStateView.swift; sourceTree = "<group>"; };
		E484EDB527DB4D6D00513BA7 /* RegisterController.swift */ = {isa = PBXFileReference; lastKnownFileType = sourcecode.swift; path = RegisterController.swift; sourceTree = "<group>"; };
		E484EDB727DB4DDD00513BA7 /* CategoryService.swift */ = {isa = PBXFileReference; lastKnownFileType = sourcecode.swift; path = CategoryService.swift; sourceTree = "<group>"; };
		E484EDBA27DDF06E00513BA7 /* MainViewModel.swift */ = {isa = PBXFileReference; lastKnownFileType = sourcecode.swift; name = MainViewModel.swift; path = ../Repository/MainViewModel.swift; sourceTree = "<group>"; };
		E484EDBD27DDF0F200513BA7 /* CategoryViewModel.swift */ = {isa = PBXFileReference; lastKnownFileType = sourcecode.swift; path = CategoryViewModel.swift; sourceTree = "<group>"; };
		E48B65E327EC94C3002A6410 /* GoalViewController.swift */ = {isa = PBXFileReference; lastKnownFileType = sourcecode.swift; path = GoalViewController.swift; sourceTree = "<group>"; };
		E49C683E27DF79E900B050E3 /* UserService.swift */ = {isa = PBXFileReference; lastKnownFileType = sourcecode.swift; path = UserService.swift; sourceTree = "<group>"; };
		E4ECE8DB28178CC900893069 /* NotoSansKR-Black.otf */ = {isa = PBXFileReference; lastKnownFileType = file; path = "NotoSansKR-Black.otf"; sourceTree = "<group>"; };
		E4ECE8DC28178CC900893069 /* NotoSansKR-Regular.otf */ = {isa = PBXFileReference; lastKnownFileType = file; path = "NotoSansKR-Regular.otf"; sourceTree = "<group>"; };
		E4ECE8DD28178CC900893069 /* NotoSansKR-Light.otf */ = {isa = PBXFileReference; lastKnownFileType = file; path = "NotoSansKR-Light.otf"; sourceTree = "<group>"; };
		E4ECE8DE28178CCA00893069 /* NotoSansKR-Bold.otf */ = {isa = PBXFileReference; lastKnownFileType = file; path = "NotoSansKR-Bold.otf"; sourceTree = "<group>"; };
		E4ECE8DF28178CCA00893069 /* OFL.txt */ = {isa = PBXFileReference; fileEncoding = 4; lastKnownFileType = text; path = OFL.txt; sourceTree = "<group>"; };
		E4ECE8E028178CCA00893069 /* NotoSansKR-Thin.otf */ = {isa = PBXFileReference; lastKnownFileType = file; path = "NotoSansKR-Thin.otf"; sourceTree = "<group>"; };
		E4ECE8E128178CCA00893069 /* NotoSansKR-Medium.otf */ = {isa = PBXFileReference; lastKnownFileType = file; path = "NotoSansKR-Medium.otf"; sourceTree = "<group>"; };
		FB35D85C30E962FB227D7A46 /* Pods-PlanShare_iOS.debug.xcconfig */ = {isa = PBXFileReference; includeInIndex = 1; lastKnownFileType = text.xcconfig; name = "Pods-PlanShare_iOS.debug.xcconfig"; path = "Target Support Files/Pods-PlanShare_iOS/Pods-PlanShare_iOS.debug.xcconfig"; sourceTree = "<group>"; };
/* End PBXFileReference section */

/* Begin PBXFrameworksBuildPhase section */
		780796B027C27C6F00C0BF12 /* Frameworks */ = {
			isa = PBXFrameworksBuildPhase;
			buildActionMask = 2147483647;
			files = (
				0974BBF019053470B6B89499 /* Pods_PlanShare_iOS.framework in Frameworks */,
			);
			runOnlyForDeploymentPostprocessing = 0;
		};
/* End PBXFrameworksBuildPhase section */

/* Begin PBXGroup section */
		3ED08C2EA7EA51BF460923EE /* Frameworks */ = {
			isa = PBXGroup;
			children = (
				9247365B1621C537ECB0FF72 /* Pods_PlanShare_iOS.framework */,
			);
			name = Frameworks;
			sourceTree = "<group>";
		};
		780796AA27C27C6F00C0BF12 = {
			isa = PBXGroup;
			children = (
				780796B527C27C6F00C0BF12 /* PlanShare_iOS */,
				780796B427C27C6F00C0BF12 /* Products */,
				DD9FC2BFD24A623A2144A588 /* Pods */,
				3ED08C2EA7EA51BF460923EE /* Frameworks */,
			);
			sourceTree = "<group>";
		};
		780796B427C27C6F00C0BF12 /* Products */ = {
			isa = PBXGroup;
			children = (
				780796B327C27C6F00C0BF12 /* PlanShare_iOS.app */,
			);
			name = Products;
			sourceTree = "<group>";
		};
		780796B527C27C6F00C0BF12 /* PlanShare_iOS */ = {
			isa = PBXGroup;
			children = (
				780796B627C27C6F00C0BF12 /* AppDelegate.swift */,
				780796B827C27C6F00C0BF12 /* SceneDelegate.swift */,
				7822318B27D0843C00FB5826 /* Model */,
				780796CE27C381C700C0BF12 /* View */,
				E484EDBC27DDF0EB00513BA7 /* ViewModel */,
				780796CF27C381CB00C0BF12 /* Controller */,
				7822318027CE145200FB5826 /* Services */,
				780796BF27C27C7200C0BF12 /* Assets.xcassets */,
				780796C127C27C7200C0BF12 /* LaunchScreen.storyboard */,
				780796C427C27C7200C0BF12 /* Info.plist */,
				7897BBD927C5F6AF003CE1F2 /* Extensions.swift */,
				E4ECE8DA28178CB500893069 /* Font */,
			);
			path = PlanShare_iOS;
			sourceTree = "<group>";
		};
		780796CE27C381C700C0BF12 /* View */ = {
			isa = PBXGroup;
			children = (
				E456B04427E77185009CC2AC /* IconCell.swift */,
				E42DEAC228195FA400DF9F77 /* GoalViewCell.swift */,
				E456B04327E7716C009CC2AC /* Main */,
				E48B65E527EC98C8002A6410 /* Detail */,
				E470A76227F33873001D2F5A /* Follow */,
				E470A76327F3387C001D2F5A /* Search */,
			);
			path = View;
			sourceTree = "<group>";
		};
		780796CF27C381CB00C0BF12 /* Controller */ = {
			isa = PBXGroup;
			children = (
				E43C072128181EF80059D4F1 /* MainTapViewController.swift */,
				7822317F27CE144900FB5826 /* Authentication */,
				780796BA27C27C6F00C0BF12 /* CalendarViewController.swift */,
				E456B02827E38D74009CC2AC /* SearchController.swift */,
				E48B65E327EC94C3002A6410 /* GoalViewController.swift */,
				E43C072328195EDF0059D4F1 /* Create */,
				E470A75027F1BE2A001D2F5A /* FollowController.swift */,
			);
			path = Controller;
			sourceTree = "<group>";
		};
		7822317F27CE144900FB5826 /* Authentication */ = {
			isa = PBXGroup;
			children = (
				7822317927CA8C7100FB5826 /* LoginController.swift */,
				E484EDB527DB4D6D00513BA7 /* RegisterController.swift */,
			);
			path = Authentication;
			sourceTree = "<group>";
		};
		7822318027CE145200FB5826 /* Services */ = {
			isa = PBXGroup;
			children = (
				7822318227CE16E700FB5826 /* AuthService.swift */,
				E484EDB727DB4DDD00513BA7 /* CategoryService.swift */,
				E49C683E27DF79E900B050E3 /* UserService.swift */,
				E428A0D628142DCB00CABBB7 /* ScheduleService.swift */,
			);
			path = Services;
			sourceTree = "<group>";
		};
		7822318B27D0843C00FB5826 /* Model */ = {
			isa = PBXGroup;
			children = (
				E470A75A27F1E641001D2F5A /* Section */,
				7822319327D1D83800FB5826 /* Member.swift */,
				7822318E27D1CE1A00FB5826 /* Schedule.swift */,
				7822319027D1CE2E00FB5826 /* Category.swift */,
			);
			path = Model;
			sourceTree = "<group>";
		};
		DD9FC2BFD24A623A2144A588 /* Pods */ = {
			isa = PBXGroup;
			children = (
				FB35D85C30E962FB227D7A46 /* Pods-PlanShare_iOS.debug.xcconfig */,
				0A25DAC6AF29AE718976B25B /* Pods-PlanShare_iOS.release.xcconfig */,
			);
			path = Pods;
			sourceTree = "<group>";
		};
		E43C072328195EDF0059D4F1 /* Create */ = {
			isa = PBXGroup;
			children = (
				7897BBD527C526C2003CE1F2 /* CreateCategoryController.swift */,
				7897BBD727C5407A003CE1F2 /* CreateScheduleController.swift */,
			);
			path = Create;
			sourceTree = "<group>";
		};
		E456B04327E7716C009CC2AC /* Main */ = {
			isa = PBXGroup;
			children = (
				780796CC27C37FA500C0BF12 /* CalendarView.swift */,
				780796D027C3839000C0BF12 /* CategoryHeader.swift */,
				780796D227C3861000C0BF12 /* ScheduleCell.swift */,
				780796CA27C27EE500C0BF12 /* FollowingCell.swift */,
			);
			path = Main;
			sourceTree = "<group>";
		};
		E470A75A27F1E641001D2F5A /* Section */ = {
			isa = PBXGroup;
			children = (
				E456B02A27E4CED8009CC2AC /* MainSection.swift */,
				E470A75B27F1E64F001D2F5A /* FollowSection.swift */,
			);
			path = Section;
			sourceTree = "<group>";
		};
		E470A76227F33873001D2F5A /* Follow */ = {
			isa = PBXGroup;
			children = (
				E470A75227F1BF61001D2F5A /* FollowFilterView.swift */,
				E470A75427F1BFD3001D2F5A /* FollowFilterCell.swift */,
				E470A75627F1DC7A001D2F5A /* FollowerMemberCell.swift */,
				E470A76627F3406B001D2F5A /* FollowingMemberCell.swift */,
				E470A76827F34138001D2F5A /* FollowStateView.swift */,
			);
			path = Follow;
			sourceTree = "<group>";
		};
		E470A76327F3387C001D2F5A /* Search */ = {
			isa = PBXGroup;
			children = (
				E470A75D27F31D70001D2F5A /* CustomSearchBar.swift */,
				E470A76427F33896001D2F5A /* SearchUserCell.swift */,
			);
			path = Search;
			sourceTree = "<group>";
		};
		E484EDBC27DDF0EB00513BA7 /* ViewModel */ = {
			isa = PBXGroup;
			children = (
				E484EDBA27DDF06E00513BA7 /* MainViewModel.swift */,
				E456B04127E718C7009CC2AC /* CreateViewModel.swift */,
				E470A75827F1DD86001D2F5A /* FollowViewModel.swift */,
				E470A75F27F32E91001D2F5A /* SearchViewModel.swift */,
				E484EDBD27DDF0F200513BA7 /* CategoryViewModel.swift */,
				E40474D927EEDD090041547D /* ScheduleViewModel.swift */,
			);
			path = ViewModel;
			sourceTree = "<group>";
		};
		E48B65E527EC98C8002A6410 /* Detail */ = {
			isa = PBXGroup;
			children = (
				E40474DB27EEEA490041547D /* DetailCell.swift */,
			);
			path = Detail;
			sourceTree = "<group>";
		};
		E4ECE8DA28178CB500893069 /* Font */ = {
			isa = PBXGroup;
			children = (
				E4ECE8DB28178CC900893069 /* NotoSansKR-Black.otf */,
				E4ECE8DE28178CCA00893069 /* NotoSansKR-Bold.otf */,
				E4ECE8DD28178CC900893069 /* NotoSansKR-Light.otf */,
				E4ECE8E128178CCA00893069 /* NotoSansKR-Medium.otf */,
				E4ECE8DC28178CC900893069 /* NotoSansKR-Regular.otf */,
				E4ECE8E028178CCA00893069 /* NotoSansKR-Thin.otf */,
				E4ECE8DF28178CCA00893069 /* OFL.txt */,
			);
			path = Font;
			sourceTree = "<group>";
		};
/* End PBXGroup section */

/* Begin PBXNativeTarget section */
		780796B227C27C6F00C0BF12 /* PlanShare_iOS */ = {
			isa = PBXNativeTarget;
			buildConfigurationList = 780796C727C27C7200C0BF12 /* Build configuration list for PBXNativeTarget "PlanShare_iOS" */;
			buildPhases = (
				A464ECBE362DC28362124BDA /* [CP] Check Pods Manifest.lock */,
				780796AF27C27C6F00C0BF12 /* Sources */,
				780796B027C27C6F00C0BF12 /* Frameworks */,
				780796B127C27C6F00C0BF12 /* Resources */,
				FF545EC61EDC03AFC488184E /* [CP] Embed Pods Frameworks */,
			);
			buildRules = (
			);
			dependencies = (
			);
			name = PlanShare_iOS;
			productName = PlanShare_iOS;
			productReference = 780796B327C27C6F00C0BF12 /* PlanShare_iOS.app */;
			productType = "com.apple.product-type.application";
		};
/* End PBXNativeTarget section */

/* Begin PBXProject section */
		780796AB27C27C6F00C0BF12 /* Project object */ = {
			isa = PBXProject;
			attributes = {
				BuildIndependentTargetsInParallel = 1;
				LastSwiftUpdateCheck = 1320;
				LastUpgradeCheck = 1320;
				TargetAttributes = {
					780796B227C27C6F00C0BF12 = {
						CreatedOnToolsVersion = 13.2.1;
					};
				};
			};
			buildConfigurationList = 780796AE27C27C6F00C0BF12 /* Build configuration list for PBXProject "PlanShare_iOS" */;
			compatibilityVersion = "Xcode 13.0";
			developmentRegion = en;
			hasScannedForEncodings = 0;
			knownRegions = (
				en,
				Base,
			);
			mainGroup = 780796AA27C27C6F00C0BF12;
			productRefGroup = 780796B427C27C6F00C0BF12 /* Products */;
			projectDirPath = "";
			projectRoot = "";
			targets = (
				780796B227C27C6F00C0BF12 /* PlanShare_iOS */,
			);
		};
/* End PBXProject section */

/* Begin PBXResourcesBuildPhase section */
		780796B127C27C6F00C0BF12 /* Resources */ = {
			isa = PBXResourcesBuildPhase;
			buildActionMask = 2147483647;
			files = (
				E4ECE8E628178CCA00893069 /* OFL.txt in Resources */,
				E4ECE8E228178CCA00893069 /* NotoSansKR-Black.otf in Resources */,
				E4ECE8E428178CCA00893069 /* NotoSansKR-Light.otf in Resources */,
				E4ECE8E828178CCA00893069 /* NotoSansKR-Medium.otf in Resources */,
				780796C327C27C7200C0BF12 /* LaunchScreen.storyboard in Resources */,
				E4ECE8E728178CCA00893069 /* NotoSansKR-Thin.otf in Resources */,
				E4ECE8E328178CCA00893069 /* NotoSansKR-Regular.otf in Resources */,
				E4ECE8E528178CCA00893069 /* NotoSansKR-Bold.otf in Resources */,
				780796C027C27C7200C0BF12 /* Assets.xcassets in Resources */,
			);
			runOnlyForDeploymentPostprocessing = 0;
		};
/* End PBXResourcesBuildPhase section */

/* Begin PBXShellScriptBuildPhase section */
		A464ECBE362DC28362124BDA /* [CP] Check Pods Manifest.lock */ = {
			isa = PBXShellScriptBuildPhase;
			buildActionMask = 2147483647;
			files = (
			);
			inputFileListPaths = (
			);
			inputPaths = (
				"${PODS_PODFILE_DIR_PATH}/Podfile.lock",
				"${PODS_ROOT}/Manifest.lock",
			);
			name = "[CP] Check Pods Manifest.lock";
			outputFileListPaths = (
			);
			outputPaths = (
				"$(DERIVED_FILE_DIR)/Pods-PlanShare_iOS-checkManifestLockResult.txt",
			);
			runOnlyForDeploymentPostprocessing = 0;
			shellPath = /bin/sh;
			shellScript = "diff \"${PODS_PODFILE_DIR_PATH}/Podfile.lock\" \"${PODS_ROOT}/Manifest.lock\" > /dev/null\nif [ $? != 0 ] ; then\n    # print error to STDERR\n    echo \"error: The sandbox is not in sync with the Podfile.lock. Run 'pod install' or update your CocoaPods installation.\" >&2\n    exit 1\nfi\n# This output is used by Xcode 'outputs' to avoid re-running this script phase.\necho \"SUCCESS\" > \"${SCRIPT_OUTPUT_FILE_0}\"\n";
			showEnvVarsInLog = 0;
		};
		FF545EC61EDC03AFC488184E /* [CP] Embed Pods Frameworks */ = {
			isa = PBXShellScriptBuildPhase;
			buildActionMask = 2147483647;
			files = (
			);
			inputFileListPaths = (
				"${PODS_ROOT}/Target Support Files/Pods-PlanShare_iOS/Pods-PlanShare_iOS-frameworks-${CONFIGURATION}-input-files.xcfilelist",
			);
			name = "[CP] Embed Pods Frameworks";
			outputFileListPaths = (
				"${PODS_ROOT}/Target Support Files/Pods-PlanShare_iOS/Pods-PlanShare_iOS-frameworks-${CONFIGURATION}-output-files.xcfilelist",
			);
			runOnlyForDeploymentPostprocessing = 0;
			shellPath = /bin/sh;
			shellScript = "\"${PODS_ROOT}/Target Support Files/Pods-PlanShare_iOS/Pods-PlanShare_iOS-frameworks.sh\"\n";
			showEnvVarsInLog = 0;
		};
/* End PBXShellScriptBuildPhase section */

/* Begin PBXSourcesBuildPhase section */
		780796AF27C27C6F00C0BF12 /* Sources */ = {
			isa = PBXSourcesBuildPhase;
			buildActionMask = 2147483647;
			files = (
				7822317A27CA8C7200FB5826 /* LoginController.swift in Sources */,
				E470A76027F32E91001D2F5A /* SearchViewModel.swift in Sources */,
				E42DEAC328195FA400DF9F77 /* GoalViewCell.swift in Sources */,
				780796CD27C37FA500C0BF12 /* CalendarView.swift in Sources */,
				E48B65E427EC94C3002A6410 /* GoalViewController.swift in Sources */,
				E40474DA27EEDD090041547D /* ScheduleViewModel.swift in Sources */,
				E470A75127F1BE2A001D2F5A /* FollowController.swift in Sources */,
				E428A0D728142DCB00CABBB7 /* ScheduleService.swift in Sources */,
				E43C072228181EF80059D4F1 /* MainTapViewController.swift in Sources */,
				E456B04527E77185009CC2AC /* IconCell.swift in Sources */,
				780796D127C3839000C0BF12 /* CategoryHeader.swift in Sources */,
				E456B04227E718C7009CC2AC /* CreateViewModel.swift in Sources */,
				E470A75527F1BFD3001D2F5A /* FollowFilterCell.swift in Sources */,
				E470A76727F3406B001D2F5A /* FollowingMemberCell.swift in Sources */,
				7822318327CE16E700FB5826 /* AuthService.swift in Sources */,
				780796CB27C27EE500C0BF12 /* FollowingCell.swift in Sources */,
				7897BBD827C5407A003CE1F2 /* CreateScheduleController.swift in Sources */,
				E470A75327F1BF61001D2F5A /* FollowFilterView.swift in Sources */,
				780796D327C3861000C0BF12 /* ScheduleCell.swift in Sources */,
				7897BBDA27C5F6B0003CE1F2 /* Extensions.swift in Sources */,
				E470A75E27F31D70001D2F5A /* CustomSearchBar.swift in Sources */,
				E470A75927F1DD86001D2F5A /* FollowViewModel.swift in Sources */,
				7822319427D1D83800FB5826 /* Member.swift in Sources */,
				780796BB27C27C6F00C0BF12 /* CalendarViewController.swift in Sources */,
				E456B02927E38D74009CC2AC /* SearchController.swift in Sources */,
				E40474DC27EEEA490041547D /* DetailCell.swift in Sources */,
				E470A75C27F1E64F001D2F5A /* FollowSection.swift in Sources */,
				E470A75727F1DC7A001D2F5A /* FollowerMemberCell.swift in Sources */,
				E484EDBE27DDF0F200513BA7 /* CategoryViewModel.swift in Sources */,
				E456B02B27E4CED8009CC2AC /* MainSection.swift in Sources */,
				7897BBD627C526C2003CE1F2 /* CreateCategoryController.swift in Sources */,
				780796B727C27C6F00C0BF12 /* AppDelegate.swift in Sources */,
				E484EDB827DB4DDD00513BA7 /* CategoryService.swift in Sources */,
				E470A76927F34138001D2F5A /* FollowStateView.swift in Sources */,
				E484EDB627DB4D6D00513BA7 /* RegisterController.swift in Sources */,
				7822318F27D1CE1A00FB5826 /* Schedule.swift in Sources */,
				E49C683F27DF79E900B050E3 /* UserService.swift in Sources */,
				E470A76527F33896001D2F5A /* SearchUserCell.swift in Sources */,
				E484EDBB27DDF06E00513BA7 /* MainViewModel.swift in Sources */,
				780796B927C27C6F00C0BF12 /* SceneDelegate.swift in Sources */,
				7822319127D1CE2E00FB5826 /* Category.swift in Sources */,
			);
			runOnlyForDeploymentPostprocessing = 0;
		};
/* End PBXSourcesBuildPhase section */

/* Begin PBXVariantGroup section */
		780796C127C27C7200C0BF12 /* LaunchScreen.storyboard */ = {
			isa = PBXVariantGroup;
			children = (
				780796C227C27C7200C0BF12 /* Base */,
			);
			name = LaunchScreen.storyboard;
			sourceTree = "<group>";
		};
/* End PBXVariantGroup section */

/* Begin XCBuildConfiguration section */
		780796C527C27C7200C0BF12 /* Debug */ = {
			isa = XCBuildConfiguration;
			buildSettings = {
				ALWAYS_SEARCH_USER_PATHS = NO;
				CLANG_ANALYZER_NONNULL = YES;
				CLANG_ANALYZER_NUMBER_OBJECT_CONVERSION = YES_AGGRESSIVE;
				CLANG_CXX_LANGUAGE_STANDARD = "gnu++17";
				CLANG_CXX_LIBRARY = "libc++";
				CLANG_ENABLE_MODULES = YES;
				CLANG_ENABLE_OBJC_ARC = YES;
				CLANG_ENABLE_OBJC_WEAK = YES;
				CLANG_WARN_BLOCK_CAPTURE_AUTORELEASING = YES;
				CLANG_WARN_BOOL_CONVERSION = YES;
				CLANG_WARN_COMMA = YES;
				CLANG_WARN_CONSTANT_CONVERSION = YES;
				CLANG_WARN_DEPRECATED_OBJC_IMPLEMENTATIONS = YES;
				CLANG_WARN_DIRECT_OBJC_ISA_USAGE = YES_ERROR;
				CLANG_WARN_DOCUMENTATION_COMMENTS = YES;
				CLANG_WARN_EMPTY_BODY = YES;
				CLANG_WARN_ENUM_CONVERSION = YES;
				CLANG_WARN_INFINITE_RECURSION = YES;
				CLANG_WARN_INT_CONVERSION = YES;
				CLANG_WARN_NON_LITERAL_NULL_CONVERSION = YES;
				CLANG_WARN_OBJC_IMPLICIT_RETAIN_SELF = YES;
				CLANG_WARN_OBJC_LITERAL_CONVERSION = YES;
				CLANG_WARN_OBJC_ROOT_CLASS = YES_ERROR;
				CLANG_WARN_QUOTED_INCLUDE_IN_FRAMEWORK_HEADER = YES;
				CLANG_WARN_RANGE_LOOP_ANALYSIS = YES;
				CLANG_WARN_STRICT_PROTOTYPES = YES;
				CLANG_WARN_SUSPICIOUS_MOVE = YES;
				CLANG_WARN_UNGUARDED_AVAILABILITY = YES_AGGRESSIVE;
				CLANG_WARN_UNREACHABLE_CODE = YES;
				CLANG_WARN__DUPLICATE_METHOD_MATCH = YES;
				COPY_PHASE_STRIP = NO;
				DEBUG_INFORMATION_FORMAT = dwarf;
				ENABLE_STRICT_OBJC_MSGSEND = YES;
				ENABLE_TESTABILITY = YES;
				GCC_C_LANGUAGE_STANDARD = gnu11;
				GCC_DYNAMIC_NO_PIC = NO;
				GCC_NO_COMMON_BLOCKS = YES;
				GCC_OPTIMIZATION_LEVEL = 0;
				GCC_PREPROCESSOR_DEFINITIONS = (
					"DEBUG=1",
					"$(inherited)",
				);
				GCC_WARN_64_TO_32_BIT_CONVERSION = YES;
				GCC_WARN_ABOUT_RETURN_TYPE = YES_ERROR;
				GCC_WARN_UNDECLARED_SELECTOR = YES;
				GCC_WARN_UNINITIALIZED_AUTOS = YES_AGGRESSIVE;
				GCC_WARN_UNUSED_FUNCTION = YES;
				GCC_WARN_UNUSED_VARIABLE = YES;
				IPHONEOS_DEPLOYMENT_TARGET = 15.2;
				MTL_ENABLE_DEBUG_INFO = INCLUDE_SOURCE;
				MTL_FAST_MATH = YES;
				ONLY_ACTIVE_ARCH = YES;
				OTHER_LDFLAGS = "-all_load";
				SDKROOT = iphoneos;
				SWIFT_ACTIVE_COMPILATION_CONDITIONS = DEBUG;
				SWIFT_OPTIMIZATION_LEVEL = "-Onone";
			};
			name = Debug;
		};
		780796C627C27C7200C0BF12 /* Release */ = {
			isa = XCBuildConfiguration;
			buildSettings = {
				ALWAYS_SEARCH_USER_PATHS = NO;
				CLANG_ANALYZER_NONNULL = YES;
				CLANG_ANALYZER_NUMBER_OBJECT_CONVERSION = YES_AGGRESSIVE;
				CLANG_CXX_LANGUAGE_STANDARD = "gnu++17";
				CLANG_CXX_LIBRARY = "libc++";
				CLANG_ENABLE_MODULES = YES;
				CLANG_ENABLE_OBJC_ARC = YES;
				CLANG_ENABLE_OBJC_WEAK = YES;
				CLANG_WARN_BLOCK_CAPTURE_AUTORELEASING = YES;
				CLANG_WARN_BOOL_CONVERSION = YES;
				CLANG_WARN_COMMA = YES;
				CLANG_WARN_CONSTANT_CONVERSION = YES;
				CLANG_WARN_DEPRECATED_OBJC_IMPLEMENTATIONS = YES;
				CLANG_WARN_DIRECT_OBJC_ISA_USAGE = YES_ERROR;
				CLANG_WARN_DOCUMENTATION_COMMENTS = YES;
				CLANG_WARN_EMPTY_BODY = YES;
				CLANG_WARN_ENUM_CONVERSION = YES;
				CLANG_WARN_INFINITE_RECURSION = YES;
				CLANG_WARN_INT_CONVERSION = YES;
				CLANG_WARN_NON_LITERAL_NULL_CONVERSION = YES;
				CLANG_WARN_OBJC_IMPLICIT_RETAIN_SELF = YES;
				CLANG_WARN_OBJC_LITERAL_CONVERSION = YES;
				CLANG_WARN_OBJC_ROOT_CLASS = YES_ERROR;
				CLANG_WARN_QUOTED_INCLUDE_IN_FRAMEWORK_HEADER = YES;
				CLANG_WARN_RANGE_LOOP_ANALYSIS = YES;
				CLANG_WARN_STRICT_PROTOTYPES = YES;
				CLANG_WARN_SUSPICIOUS_MOVE = YES;
				CLANG_WARN_UNGUARDED_AVAILABILITY = YES_AGGRESSIVE;
				CLANG_WARN_UNREACHABLE_CODE = YES;
				CLANG_WARN__DUPLICATE_METHOD_MATCH = YES;
				COPY_PHASE_STRIP = NO;
				DEBUG_INFORMATION_FORMAT = "dwarf-with-dsym";
				ENABLE_NS_ASSERTIONS = NO;
				ENABLE_STRICT_OBJC_MSGSEND = YES;
				GCC_C_LANGUAGE_STANDARD = gnu11;
				GCC_NO_COMMON_BLOCKS = YES;
				GCC_WARN_64_TO_32_BIT_CONVERSION = YES;
				GCC_WARN_ABOUT_RETURN_TYPE = YES_ERROR;
				GCC_WARN_UNDECLARED_SELECTOR = YES;
				GCC_WARN_UNINITIALIZED_AUTOS = YES_AGGRESSIVE;
				GCC_WARN_UNUSED_FUNCTION = YES;
				GCC_WARN_UNUSED_VARIABLE = YES;
				IPHONEOS_DEPLOYMENT_TARGET = 15.2;
				MTL_ENABLE_DEBUG_INFO = NO;
				MTL_FAST_MATH = YES;
				OTHER_LDFLAGS = "-all_load";
				SDKROOT = iphoneos;
				SWIFT_COMPILATION_MODE = wholemodule;
				SWIFT_OPTIMIZATION_LEVEL = "-O";
				VALIDATE_PRODUCT = YES;
			};
			name = Release;
		};
		780796C827C27C7200C0BF12 /* Debug */ = {
			isa = XCBuildConfiguration;
			baseConfigurationReference = FB35D85C30E962FB227D7A46 /* Pods-PlanShare_iOS.debug.xcconfig */;
			buildSettings = {
				ASSETCATALOG_COMPILER_APPICON_NAME = AppIcon;
				ASSETCATALOG_COMPILER_GLOBAL_ACCENT_COLOR_NAME = AccentColor;
				CODE_SIGN_STYLE = Automatic;
				CURRENT_PROJECT_VERSION = 1;
				DEVELOPMENT_TEAM = 9R39BMBYFW;
				GENERATE_INFOPLIST_FILE = YES;
				INFOPLIST_FILE = PlanShare_iOS/Info.plist;
				INFOPLIST_KEY_UIApplicationSupportsIndirectInputEvents = YES;
				INFOPLIST_KEY_UILaunchStoryboardName = LaunchScreen;
				INFOPLIST_KEY_UISupportedInterfaceOrientations_iPad = "UIInterfaceOrientationPortrait UIInterfaceOrientationPortraitUpsideDown UIInterfaceOrientationLandscapeLeft UIInterfaceOrientationLandscapeRight";
				INFOPLIST_KEY_UISupportedInterfaceOrientations_iPhone = "UIInterfaceOrientationPortrait UIInterfaceOrientationLandscapeLeft UIInterfaceOrientationLandscapeRight";
				LD_RUNPATH_SEARCH_PATHS = (
					"$(inherited)",
					"@executable_path/Frameworks",
				);
				MARKETING_VERSION = 1.0;
				OTHER_LDFLAGS = (
					"$(inherited)",
					"-framework",
					"\"Alamofire\"",
					"-framework",
					"\"CFNetwork\"",
					"-framework",
					"\"CoreGraphics\"",
					"-framework",
					"\"FSCalendar\"",
					"-framework",
					"\"Foundation\"",
					"-framework",
					"\"IGColorPicker\"",
					"-framework",
					"\"KakaoSDKAuth\"",
					"-framework",
					"\"KakaoSDKCommon\"",
					"-framework",
					"\"KakaoSDKUser\"",
					"-framework",
					"\"M13Checkbox\"",
					"-framework",
					"\"QuartzCore\"",
					"-framework",
					"\"RxCocoa\"",
					"-framework",
					"\"RxRelay\"",
					"-framework",
					"\"RxSwift\"",
					"-framework",
					"\"SnapKit\"",
					"-framework",
					"\"SwiftKeychainWrapper\"",
					"-framework",
					"\"Then\"",
					"-framework",
					"\"UIKit\"",
					"-all_load",
				);
				PRODUCT_BUNDLE_IDENTIFIER = "com.doyun.PlanShare-iOS";
				PRODUCT_NAME = "$(TARGET_NAME)";
				SWIFT_EMIT_LOC_STRINGS = YES;
				SWIFT_VERSION = 5.0;
				TARGETED_DEVICE_FAMILY = "1,2";
			};
			name = Debug;
		};
		780796C927C27C7200C0BF12 /* Release */ = {
			isa = XCBuildConfiguration;
			baseConfigurationReference = 0A25DAC6AF29AE718976B25B /* Pods-PlanShare_iOS.release.xcconfig */;
			buildSettings = {
				ASSETCATALOG_COMPILER_APPICON_NAME = AppIcon;
				ASSETCATALOG_COMPILER_GLOBAL_ACCENT_COLOR_NAME = AccentColor;
				CODE_SIGN_STYLE = Automatic;
				CURRENT_PROJECT_VERSION = 1;
				DEVELOPMENT_TEAM = 9R39BMBYFW;
				GENERATE_INFOPLIST_FILE = YES;
				INFOPLIST_FILE = PlanShare_iOS/Info.plist;
				INFOPLIST_KEY_UIApplicationSupportsIndirectInputEvents = YES;
				INFOPLIST_KEY_UILaunchStoryboardName = LaunchScreen;
				INFOPLIST_KEY_UISupportedInterfaceOrientations_iPad = "UIInterfaceOrientationPortrait UIInterfaceOrientationPortraitUpsideDown UIInterfaceOrientationLandscapeLeft UIInterfaceOrientationLandscapeRight";
				INFOPLIST_KEY_UISupportedInterfaceOrientations_iPhone = "UIInterfaceOrientationPortrait UIInterfaceOrientationLandscapeLeft UIInterfaceOrientationLandscapeRight";
				LD_RUNPATH_SEARCH_PATHS = (
					"$(inherited)",
					"@executable_path/Frameworks",
				);
				MARKETING_VERSION = 1.0;
				OTHER_LDFLAGS = (
					"$(inherited)",
					"-framework",
					"\"Alamofire\"",
					"-framework",
					"\"CFNetwork\"",
					"-framework",
					"\"CoreGraphics\"",
					"-framework",
					"\"FSCalendar\"",
					"-framework",
					"\"Foundation\"",
					"-framework",
					"\"IGColorPicker\"",
					"-framework",
					"\"KakaoSDKAuth\"",
					"-framework",
					"\"KakaoSDKCommon\"",
					"-framework",
					"\"KakaoSDKUser\"",
					"-framework",
					"\"M13Checkbox\"",
					"-framework",
					"\"QuartzCore\"",
					"-framework",
					"\"RxCocoa\"",
					"-framework",
					"\"RxRelay\"",
					"-framework",
					"\"RxSwift\"",
					"-framework",
					"\"SnapKit\"",
					"-framework",
					"\"SwiftKeychainWrapper\"",
					"-framework",
					"\"Then\"",
					"-framework",
					"\"UIKit\"",
					"-all_load",
				);
				PRODUCT_BUNDLE_IDENTIFIER = "com.doyun.PlanShare-iOS";
				PRODUCT_NAME = "$(TARGET_NAME)";
				SWIFT_EMIT_LOC_STRINGS = YES;
				SWIFT_VERSION = 5.0;
				TARGETED_DEVICE_FAMILY = "1,2";
			};
			name = Release;
		};
/* End XCBuildConfiguration section */

/* Begin XCConfigurationList section */
		780796AE27C27C6F00C0BF12 /* Build configuration list for PBXProject "PlanShare_iOS" */ = {
			isa = XCConfigurationList;
			buildConfigurations = (
				780796C527C27C7200C0BF12 /* Debug */,
				780796C627C27C7200C0BF12 /* Release */,
			);
			defaultConfigurationIsVisible = 0;
			defaultConfigurationName = Release;
		};
		780796C727C27C7200C0BF12 /* Build configuration list for PBXNativeTarget "PlanShare_iOS" */ = {
			isa = XCConfigurationList;
			buildConfigurations = (
				780796C827C27C7200C0BF12 /* Debug */,
				780796C927C27C7200C0BF12 /* Release */,
			);
			defaultConfigurationIsVisible = 0;
			defaultConfigurationName = Release;
		};
/* End XCConfigurationList section */
	};
	rootObject = 780796AB27C27C6F00C0BF12 /* Project object */;
}
